
Microsoft Visual Studio Solution File, Format Version 12.00
# Visual Studio Version 16
VisualStudioVersion = 16.0.30523.141
MinimumVisualStudioVersion = 10.0.40219.1
Project("{FAE04EC0-301F-11D3-BF4B-00C04F79EFBC}") = "P Stenography", "P Stenography\P Stenography.csproj", "{42FFE3BF-06AF-4517-B938-2B1A211F288D}"
EndProject
Global
	GlobalSection(SolutionConfigurationPlatforms) = preSolution
		Debug|Any CPU = Debug|Any CPU
		Release|Any CPU = Release|Any CPU
	EndGlobalSection
	GlobalSection(ProjectConfigurationPlatforms) = postSolution
		{42FFE3BF-06AF-4517-B938-2B1A211F288D}.Debug|Any CPU.ActiveCfg = Debug|Any CPU
		{42FFE3BF-06AF-4517-B938-2B1A211F288D}.Debug|Any CPU.Build.0 = Debug|Any CPU
		{42FFE3BF-06AF-4517-B938-2B1A211F288D}.Release|Any CPU.ActiveCfg = Release|Any CPU
		{42FFE3BF-06AF-4517-B938-2B1A211F288D}.Release|Any CPU.Build.0 = Release|Any CPU
	EndGlobalSection
	GlobalSection(SolutionProperties) = preSolution
		HideSolutionNode = FALSE
	EndGlobalSection
	GlobalSection(ExtensibilityGlobals) = postSolution
		SolutionGuid = {007B27C5-ABB8-4576-988E-2C6C0F4169CC}
	EndGlobalSection
EndGlobal
